
Microsoft Visual Studio Solution File, Format Version 12.00
# Visual Studio Version 16
VisualStudioVersion = 16.0.29519.87
MinimumVisualStudioVersion = 10.0.40219.1
Project("{9A19103F-16F7-4668-BE54-9A1E7A4F7556}") = "PaymentTransactionService", "PaymentTransactionService\PaymentTransactionService.csproj", "{FEAE6AAB-CAD2-4485-92F0-3A7481F90253}"
EndProject
Project("{FAE04EC0-301F-11D3-BF4B-00C04F79EFBC}") = "PaymentTransactionService.Tests", "PaymentTransaction.Tests\PaymentTransactionService.Tests.csproj", "{063746BB-75A4-473E-AAF8-F79840E1BCF5}"
EndProject
Global
	GlobalSection(SolutionConfigurationPlatforms) = preSolution
		Debug|Any CPU = Debug|Any CPU
		Release|Any CPU = Release|Any CPU
	EndGlobalSection
	GlobalSection(ProjectConfigurationPlatforms) = postSolution
		{FEAE6AAB-CAD2-4485-92F0-3A7481F90253}.Debug|Any CPU.ActiveCfg = Debug|Any CPU
		{FEAE6AAB-CAD2-4485-92F0-3A7481F90253}.Debug|Any CPU.Build.0 = Debug|Any CPU
		{FEAE6AAB-CAD2-4485-92F0-3A7481F90253}.Release|Any CPU.ActiveCfg = Release|Any CPU
		{FEAE6AAB-CAD2-4485-92F0-3A7481F90253}.Release|Any CPU.Build.0 = Release|Any CPU
		{063746BB-75A4-473E-AAF8-F79840E1BCF5}.Debug|Any CPU.ActiveCfg = Debug|Any CPU
		{063746BB-75A4-473E-AAF8-F79840E1BCF5}.Debug|Any CPU.Build.0 = Debug|Any CPU
		{063746BB-75A4-473E-AAF8-F79840E1BCF5}.Release|Any CPU.ActiveCfg = Release|Any CPU
		{063746BB-75A4-473E-AAF8-F79840E1BCF5}.Release|Any CPU.Build.0 = Release|Any CPU
	EndGlobalSection
	GlobalSection(SolutionProperties) = preSolution
		HideSolutionNode = FALSE
	EndGlobalSection
	GlobalSection(ExtensibilityGlobals) = postSolution
		SolutionGuid = {8F1B07FA-80A8-450E-A972-599AB92E5BEE}
	EndGlobalSection
EndGlobal
